
Microsoft Visual Studio Solution File, Format Version 12.00
# Visual Studio 15
VisualStudioVersion = 15.0.28010.2050
MinimumVisualStudioVersion = 10.0.40219.1
Project("{8BC9CEB8-8B4A-11D0-8D11-00A0C91BC942}") = "14.03.2019H", "14.03.2019H\14.03.2019H.vcxproj", "{BE110E4E-CB97-4A60-AEB3-31CF6260070F}"
EndProject
Global
	GlobalSection(SolutionConfigurationPlatforms) = preSolution
		Debug|x64 = Debug|x64
		Debug|x86 = Debug|x86
		Release|x64 = Release|x64
		Release|x86 = Release|x86
	EndGlobalSection
	GlobalSection(ProjectConfigurationPlatforms) = postSolution
		{BE110E4E-CB97-4A60-AEB3-31CF6260070F}.Debug|x64.ActiveCfg = Debug|x64
		{BE110E4E-CB97-4A60-AEB3-31CF6260070F}.Debug|x64.Build.0 = Debug|x64
		{BE110E4E-CB97-4A60-AEB3-31CF6260070F}.Debug|x86.ActiveCfg = Debug|Win32
		{BE110E4E-CB97-4A60-AEB3-31CF6260070F}.Debug|x86.Build.0 = Debug|Win32
		{BE110E4E-CB97-4A60-AEB3-31CF6260070F}.Release|x64.ActiveCfg = Release|x64
		{BE110E4E-CB97-4A60-AEB3-31CF6260070F}.Release|x64.Build.0 = Release|x64
		{BE110E4E-CB97-4A60-AEB3-31CF6260070F}.Release|x86.ActiveCfg = Release|Win32
		{BE110E4E-CB97-4A60-AEB3-31CF6260070F}.Release|x86.Build.0 = Release|Win32
	EndGlobalSection
	GlobalSection(SolutionProperties) = preSolution
		HideSolutionNode = FALSE
	EndGlobalSection
	GlobalSection(ExtensibilityGlobals) = postSolution
		SolutionGuid = {B983A8FE-7FA2-4859-81F6-B464EF3C0C06}
	EndGlobalSection
EndGlobal
