
Microsoft Visual Studio Solution File, Format Version 12.00
# Visual Studio 15
VisualStudioVersion = 15.0.28307.421
MinimumVisualStudioVersion = 10.0.40219.1
Project("{8BC9CEB8-8B4A-11D0-8D11-00A0C91BC942}") = "21.03.2019C", "21.03.2019C\21.03.2019C.vcxproj", "{70288838-3E30-4DD3-B7F0-2DAA8D2FA98B}"
EndProject
Global
	GlobalSection(SolutionConfigurationPlatforms) = preSolution
		Debug|x64 = Debug|x64
		Debug|x86 = Debug|x86
		Release|x64 = Release|x64
		Release|x86 = Release|x86
	EndGlobalSection
	GlobalSection(ProjectConfigurationPlatforms) = postSolution
		{70288838-3E30-4DD3-B7F0-2DAA8D2FA98B}.Debug|x64.ActiveCfg = Debug|x64
		{70288838-3E30-4DD3-B7F0-2DAA8D2FA98B}.Debug|x64.Build.0 = Debug|x64
		{70288838-3E30-4DD3-B7F0-2DAA8D2FA98B}.Debug|x86.ActiveCfg = Debug|Win32
		{70288838-3E30-4DD3-B7F0-2DAA8D2FA98B}.Debug|x86.Build.0 = Debug|Win32
		{70288838-3E30-4DD3-B7F0-2DAA8D2FA98B}.Release|x64.ActiveCfg = Release|x64
		{70288838-3E30-4DD3-B7F0-2DAA8D2FA98B}.Release|x64.Build.0 = Release|x64
		{70288838-3E30-4DD3-B7F0-2DAA8D2FA98B}.Release|x86.ActiveCfg = Release|Win32
		{70288838-3E30-4DD3-B7F0-2DAA8D2FA98B}.Release|x86.Build.0 = Release|Win32
	EndGlobalSection
	GlobalSection(SolutionProperties) = preSolution
		HideSolutionNode = FALSE
	EndGlobalSection
	GlobalSection(ExtensibilityGlobals) = postSolution
		SolutionGuid = {289F6B73-40E6-4E31-AB51-2B9428178AF2}
	EndGlobalSection
EndGlobal
