
Microsoft Visual Studio Solution File, Format Version 12.00
# Visual Studio 15
VisualStudioVersion = 15.0.28010.2050
MinimumVisualStudioVersion = 10.0.40219.1
Project("{8BC9CEB8-8B4A-11D0-8D11-00A0C91BC942}") = "12.03.2019C", "12.03.2019C\12.03.2019C.vcxproj", "{E9F0E5AE-4B9A-455D-B043-6532E996B77B}"
EndProject
Global
	GlobalSection(SolutionConfigurationPlatforms) = preSolution
		Debug|x64 = Debug|x64
		Debug|x86 = Debug|x86
		Release|x64 = Release|x64
		Release|x86 = Release|x86
	EndGlobalSection
	GlobalSection(ProjectConfigurationPlatforms) = postSolution
		{E9F0E5AE-4B9A-455D-B043-6532E996B77B}.Debug|x64.ActiveCfg = Debug|x64
		{E9F0E5AE-4B9A-455D-B043-6532E996B77B}.Debug|x64.Build.0 = Debug|x64
		{E9F0E5AE-4B9A-455D-B043-6532E996B77B}.Debug|x86.ActiveCfg = Debug|Win32
		{E9F0E5AE-4B9A-455D-B043-6532E996B77B}.Debug|x86.Build.0 = Debug|Win32
		{E9F0E5AE-4B9A-455D-B043-6532E996B77B}.Release|x64.ActiveCfg = Release|x64
		{E9F0E5AE-4B9A-455D-B043-6532E996B77B}.Release|x64.Build.0 = Release|x64
		{E9F0E5AE-4B9A-455D-B043-6532E996B77B}.Release|x86.ActiveCfg = Release|Win32
		{E9F0E5AE-4B9A-455D-B043-6532E996B77B}.Release|x86.Build.0 = Release|Win32
	EndGlobalSection
	GlobalSection(SolutionProperties) = preSolution
		HideSolutionNode = FALSE
	EndGlobalSection
	GlobalSection(ExtensibilityGlobals) = postSolution
		SolutionGuid = {7F1AE244-941F-47D3-8BAC-16F79755A9F5}
	EndGlobalSection
EndGlobal
